
Microsoft Visual Studio Solution File, Format Version 12.00
# Visual Studio Version 16
VisualStudioVersion = 16.0.29609.76
MinimumVisualStudioVersion = 10.0.40219.1
Project("{FAE04EC0-301F-11D3-BF4B-00C04F79EFBC}") = "CakeShopApp", "CakeShopApp\CakeShopApp.csproj", "{483817A0-7FBE-4E48-82FD-185CDA9FC647}"
EndProject
Global
	GlobalSection(SolutionConfigurationPlatforms) = preSolution
		Debug|Any CPU = Debug|Any CPU
		Release|Any CPU = Release|Any CPU
	EndGlobalSection
	GlobalSection(ProjectConfigurationPlatforms) = postSolution
		{483817A0-7FBE-4E48-82FD-185CDA9FC647}.Debug|Any CPU.ActiveCfg = Debug|Any CPU
		{483817A0-7FBE-4E48-82FD-185CDA9FC647}.Debug|Any CPU.Build.0 = Debug|Any CPU
		{483817A0-7FBE-4E48-82FD-185CDA9FC647}.Release|Any CPU.ActiveCfg = Release|Any CPU
		{483817A0-7FBE-4E48-82FD-185CDA9FC647}.Release|Any CPU.Build.0 = Release|Any CPU
	EndGlobalSection
	GlobalSection(SolutionProperties) = preSolution
		HideSolutionNode = FALSE
	EndGlobalSection
	GlobalSection(ExtensibilityGlobals) = postSolution
		SolutionGuid = {3FA0DA5C-6E28-453B-9369-B0F99F10210F}
	EndGlobalSection
EndGlobal
